
Microsoft Visual Studio Solution File, Format Version 12.00
# Visual Studio Version 17
VisualStudioVersion = 17.2.32526.322
MinimumVisualStudioVersion = 10.0.40219.1
Project("{FAE04EC0-301F-11D3-BF4B-00C04F79EFBC}") = "globalAsax", "globalAsax\globalAsax.csproj", "{94AD0530-B0AF-4B73-A3E7-078C1D4DEFA5}"
EndProject
Global
	GlobalSection(SolutionConfigurationPlatforms) = preSolution
		Debug|Any CPU = Debug|Any CPU
		Release|Any CPU = Release|Any CPU
	EndGlobalSection
	GlobalSection(ProjectConfigurationPlatforms) = postSolution
		{94AD0530-B0AF-4B73-A3E7-078C1D4DEFA5}.Debug|Any CPU.ActiveCfg = Debug|Any CPU
		{94AD0530-B0AF-4B73-A3E7-078C1D4DEFA5}.Debug|Any CPU.Build.0 = Debug|Any CPU
		{94AD0530-B0AF-4B73-A3E7-078C1D4DEFA5}.Release|Any CPU.ActiveCfg = Release|Any CPU
		{94AD0530-B0AF-4B73-A3E7-078C1D4DEFA5}.Release|Any CPU.Build.0 = Release|Any CPU
	EndGlobalSection
	GlobalSection(SolutionProperties) = preSolution
		HideSolutionNode = FALSE
	EndGlobalSection
	GlobalSection(ExtensibilityGlobals) = postSolution
		SolutionGuid = {450A2FAD-BBC9-4C12-852A-31A97B53C2F4}
	EndGlobalSection
EndGlobal
